# This file is automatically @generated by Cargo.
# It is not intended for manual editing.
version = 3

[[package]]
name = "data-format"
version = "0.1.0"
source = "git+https://github.com/shipsimfan/lib-data-format#4c8aeba29089a3a15e6ba00fc76c54a029d3688f"

[[package]]
name = "json"
version = "2.0.0"
dependencies = [
 "data-format",
]
