# This file is automatically @generated by Cargo.
# It is not intended for manual editing.
version = 3

[[package]]
name = "base"
version = "0.1.0"
source = "git+https://github.com/shipsimfan/lib-proc-macro-util#d45e7003427831140540299c8d45196b3a3ac37b"

[[package]]
name = "data-format"
version = "0.1.0"
source = "git+https://github.com/shipsimfan/lib-data-format#4ba66610ad892aadab8d7d084ca8cad82a3a5d35"
dependencies = [
 "macros 0.1.0 (git+https://github.com/shipsimfan/lib-data-format)",
]

[[package]]
name = "json"
version = "2.0.0"
dependencies = [
 "data-format",
]

[[package]]
name = "macros"
version = "0.1.0"
source = "git+https://github.com/shipsimfan/lib-data-format#4ba66610ad892aadab8d7d084ca8cad82a3a5d35"
dependencies = [
 "proc-macro-util",
]

[[package]]
name = "macros"
version = "0.1.0"
source = "git+https://github.com/shipsimfan/lib-proc-macro-util#d45e7003427831140540299c8d45196b3a3ac37b"
dependencies = [
 "base",
]

[[package]]
name = "proc-macro-util"
version = "0.1.0"
source = "git+https://github.com/shipsimfan/lib-proc-macro-util#d45e7003427831140540299c8d45196b3a3ac37b"
dependencies = [
 "base",
 "macros 0.1.0 (git+https://github.com/shipsimfan/lib-proc-macro-util)",
]
